{
  "object": {
    "pins": [
      {
        "package": "abseil",
        "repositoryURL": "https://github.com/firebase/abseil-cpp-SwiftPM.git",
        "state": {
          "branch": null,
          "revision": "fffc3c2729be5747390ad02d5100291a0d9ad26a",
          "version": "0.20200225.4"
        }
      },
      {
        "package": "Authorized",
        "repositoryURL": "https://github.com/trilemma-dev/Authorized.git",
        "state": {
          "branch": null,
          "revision": "e490b9d3f4a0e8b17a8b39b5a9750b8e0be7548a",
          "version": "1.0.0"
        }
      },
      {
        "package": "Blessed",
        "repositoryURL": "https://github.com/trilemma-dev/Blessed",
        "state": {
          "branch": "main",
          "revision": "fc7c930f3cc1894a2481e1f884c336007712e6a8",
          "version": null
        }
      },
      {
        "package": "BoringSSL-GRPC",
        "repositoryURL": "https://github.com/firebase/boringssl-SwiftPM.git",
        "state": {
          "branch": null,
          "revision": "734a8247442fde37df4364c21f6a0085b6a36728",
          "version": "0.7.2"
        }
      },
      {
        "package": "EmbeddedPropertyList",
        "repositoryURL": "https://github.com/trilemma-dev/EmbeddedPropertyList.git",
        "state": {
          "branch": null,
          "revision": "21bd832e28a9a66ecdb7b4c21910bb0487a22fe5",
          "version": "2.0.2"
        }
      },
      {
        "package": "Firebase",
        "repositoryURL": "https://github.com/grigorye/firebase-ios-sdk.git",
        "state": {
          "branch": "feature/Performance-macOS",
          "revision": "1440878b5a8b3f8ff08af553b1730ae32ec80d6f",
          "version": null
        }
      },
      {
        "package": "GoogleAppMeasurement",
        "repositoryURL": "https://github.com/google/GoogleAppMeasurement.git",
        "state": {
          "branch": null,
          "revision": "9b74e6a3f875208c04c22b39b580a21d4de0f4f9",
          "version": "8.14.0"
        }
      },
      {
        "package": "GoogleDataTransport",
        "repositoryURL": "https://github.com/google/GoogleDataTransport.git",
        "state": {
          "branch": null,
          "revision": "7874c1b48cbffd086ce8a052c4be873a78613775",
          "version": "9.2.3"
        }
      },
      {
        "package": "gRPC",
        "repositoryURL": "https://github.com/firebase/grpc-SwiftPM.git",
        "state": {
          "branch": null,
          "revision": "fb405dd2c7901485f7e158b24e3a0a47e4efd8b5",
          "version": "1.28.4"
        }
      },
      {
        "package": "GTMSessionFetcher",
        "repositoryURL": "https://github.com/google/gtm-session-fetcher.git",
        "state": {
          "branch": null,
          "revision": "4e9bbf2808b8fee444e84a48f5f3c12641987d3e",
          "version": "1.7.2"
        }
      },
      {
        "package": "leveldb",
        "repositoryURL": "https://github.com/firebase/leveldb.git",
        "state": {
          "branch": null,
          "revision": "0706abcc6b0bd9cedfbb015ba840e4a780b5159b",
          "version": "1.22.2"
        }
      },
      {
        "package": "nanopb",
        "repositoryURL": "https://github.com/firebase/nanopb.git",
        "state": {
          "branch": null,
          "revision": "7ee9ef9f627d85cbe1b8c4f49a3ed26eed216c77",
          "version": "2.30908.0"
        }
      },
      {
        "package": "OCMock",
        "repositoryURL": "https://github.com/erikdoe/ocmock.git",
        "state": {
          "branch": null,
          "revision": "c5eeaa6dde7c308a5ce48ae4d4530462dd3a1110",
          "version": null
        }
      },
      {
        "package": "Promises",
        "repositoryURL": "https://github.com/google/promises.git",
        "state": {
          "branch": null,
          "revision": "ec957ccddbcc710ccc64c9dcbd4c7006fcf8b73a",
          "version": "2.2.0"
        }
      },
      {
        "package": "Required",
        "repositoryURL": "https://github.com/trilemma-dev/Required.git",
        "state": {
          "branch": null,
          "revision": "82a4fbd388346ca40b1bbe815014dc45a75d503c",
          "version": "0.1.1"
        }
      },
      {
        "package": "Sentry",
        "repositoryURL": "https://github.com/getsentry/sentry-cocoa.git",
        "state": {
          "branch": null,
          "revision": "9cf7d2e514af1600cc2b3c5592e2848c6c5a76d6",
          "version": "8.7.3"
        }
      },
      {
        "package": "SwiftProtobuf",
        "repositoryURL": "https://github.com/apple/swift-protobuf.git",
        "state": {
          "branch": null,
          "revision": "0af9125c4eae12a4973fb66574c53a54962a9e1e",
          "version": "1.21.0"
        }
      }
    ]
  },
  "version": 1
}
