{
  "object": {
    "pins": [
      {
        "package": "Blessed",
        "repositoryURL": "https://github.com/trilemma-dev/Blessed",
        "state": {
          "branch": "main",
          "revision": "a19fa3a72d55a3e2f6f5f4ed91e28ca464ce8ca9",
          "version": null
        }
      }
    ]
  },
  "version": 1
}
