// !$*UTF8*$!
{
	archiveVersion = 1;
	classes = {
	};
	objectVersion = 51;
	objects = {

/* Begin PBXBuildFile section */
		02551E268116BDD236866B47 /* TimeMachinePermissionsReporting.swift in Sources */ = {isa = PBXBuildFile; fileRef = 8FF97F4C39B49DFEF00AA5E1 /* TimeMachinePermissionsReporting.swift */; };
		0AA3ABC2452EA7F4E93A66B1 /* DisplayNames.swift in Sources */ = {isa = PBXBuildFile; fileRef = 8559AEA7078BAAF278B09AA6 /* DisplayNames.swift */; };
		0AEAEDE91B518DBAD762FBCE /* Tracing.swift in Sources */ = {isa = PBXBuildFile; fileRef = BB7559DB1B0BD5E0E8803B42 /* Tracing.swift */; };
		0E48817EE8B983C57401F716 /* UserDefaults+DefaultsKey.swift in Sources */ = {isa = PBXBuildFile; fileRef = 4CD39E10FE5C0F9852587029 /* UserDefaults+DefaultsKey.swift */; };
		141AB711AA16AFC38FD16D3B /* VolumeFilter.swift in Sources */ = {isa = PBXBuildFile; fileRef = 40A02D2184D24D82A81CE2C9 /* VolumeFilter.swift */; };
		153D5F1372C7DA38F92BA474 /* ScopedSandboxedBookmarks.swift in Sources */ = {isa = PBXBuildFile; fileRef = ACDC5A5C026805C9922B665F /* ScopedSandboxedBookmarks.swift */; };
		1556DFC4C02768A89330CE47 /* FoldersSelectionImp.swift in Sources */ = {isa = PBXBuildFile; fileRef = 0DEFDDEECB748E89AEE3E43B /* FoldersSelectionImp.swift */; };
		16658DE7DD1CBC5265830000 /* SandboxedBookmarksResolver.swift in Sources */ = {isa = PBXBuildFile; fileRef = BACD95A8B7FBEEE09C0FDF90 /* SandboxedBookmarksResolver.swift */; };
		18EAB63C469045608536573F /* FoldersSelectionCheckpointView.swift in Sources */ = {isa = PBXBuildFile; fileRef = D9BDC3DAAA1887D34A5E0F7B /* FoldersSelectionCheckpointView.swift */; };
		195DDF8283D027993500C738 /* String+Ranges.swift in Sources */ = {isa = PBXBuildFile; fileRef = 860E9D098D06436BA18B2896 /* String+Ranges.swift */; };
		19776D65E3D781F3D100BDDF /* DirectLookupBasedStatusProvider.swift in Sources */ = {isa = PBXBuildFile; fileRef = 1ADFE8F5A9FEECA7B01D88BD /* DirectLookupBasedStatusProvider.swift */; };
		19D2F56E406BD3132FF8D46D /* SharedDefaults.swift in Sources */ = {isa = PBXBuildFile; fileRef = 1780AFA9840706BEF22666C3 /* SharedDefaults.swift */; };
		1B56E5490E0DCFF037D6BA21 /* Main.storyboard in Resources */ = {isa = PBXBuildFile; fileRef = B460C2419D35A87B8B8B7F1F /* Main.storyboard */; };
		1B67785E9EA89411DB3C8A25 /* ExtendedAttributes.swift in Sources */ = {isa = PBXBuildFile; fileRef = 688A73E924E17AB042449119 /* ExtendedAttributes.swift */; };
		1F4F2126017A2E3FBF5FAE86 /* DirectLookupBasedStatusProviderTests.swift in Sources */ = {isa = PBXBuildFile; fileRef = DEEC50D66E25871967A01F94 /* DirectLookupBasedStatusProviderTests.swift */; };
		259697323557DD6D00D6D0EC /* SavingSandboxedBookmarks.swift in Sources */ = {isa = PBXBuildFile; fileRef = 5303B562293DD78A04D02653 /* SavingSandboxedBookmarks.swift */; };
		259CED4FAA424F7E454F8A8A /* ExtendedAttributesBackupController.swift in Sources */ = {isa = PBXBuildFile; fileRef = 374BDE2929CE87139B63F60F /* ExtendedAttributesBackupController.swift */; };
		283242D6DEA155DF28CDA80A /* UserDefaultsObserver.swift in Sources */ = {isa = PBXBuildFile; fileRef = C551C04BE645AD741F429489 /* UserDefaultsObserver.swift */; };
		2A88BD9272B21CA61796169E /* Tracing.swift in Sources */ = {isa = PBXBuildFile; fileRef = BB7559DB1B0BD5E0E8803B42 /* Tracing.swift */; };
		33330CC152E0724F959BB1AD /* Sugar.swift in Sources */ = {isa = PBXBuildFile; fileRef = CDD3CC5F2630243D69DDD741 /* Sugar.swift */; };
		33EBF5B1AC2299E1A7CBCF05 /* ExtendedAttributes.swift in Sources */ = {isa = PBXBuildFile; fileRef = 688A73E924E17AB042449119 /* ExtendedAttributes.swift */; };
		36F06AA9DDE6DD4D3EED0502 /* CheckpointView.swift in Sources */ = {isa = PBXBuildFile; fileRef = DC2268116C403E8A3AEEC2A0 /* CheckpointView.swift */; };
		38CBB7451E0720A707605E25 /* FoldersSelectionImp.swift in Sources */ = {isa = PBXBuildFile; fileRef = 0DEFDDEECB748E89AEE3E43B /* FoldersSelectionImp.swift */; };
		38D01DA3EAD22EB435B200BA /* TMStatus.swift in Sources */ = {isa = PBXBuildFile; fileRef = 38B056A6D06EBCAEFEA7935A /* TMStatus.swift */; };
		398F87448047F1EE6E602F51 /* TimeMachineUserDefaults.swift in Sources */ = {isa = PBXBuildFile; fileRef = 53D347A0B35FF7B51109D4D7 /* TimeMachineUserDefaults.swift */; };
		3AAA48EED6BE2C877ED8FBEB /* MetadataReader.swift in Sources */ = {isa = PBXBuildFile; fileRef = 9CB1E25C136AB3BAE6BD3AC1 /* MetadataReader.swift */; };
		3C0CCCBBB2BD571EE5E36C2D /* SanityChecking.swift in Sources */ = {isa = PBXBuildFile; fileRef = E0C8D1F63F14009D9FDBCDE6 /* SanityChecking.swift */; };
		3C8B31BF53AE2992880BE957 /* BackupMetadataFilter.swift in Sources */ = {isa = PBXBuildFile; fileRef = 955246551027F988AF53ACF6 /* BackupMetadataFilter.swift */; };
		3D32D81669C1C5DF21B2B62B /* TMBuddyApp.swift in Sources */ = {isa = PBXBuildFile; fileRef = 3EE6AB800A72279CB08C542F /* TMBuddyApp.swift */; };
		3E7EE7FEE5CD2C679ADC4C73 /* PathFilter.swift in Sources */ = {isa = PBXBuildFile; fileRef = C15F256F5EA839B4720B3186 /* PathFilter.swift */; };
		40962E413F5F5EBFCF4C4F4E /* FullDiskAccessCheckpointView.swift in Sources */ = {isa = PBXBuildFile; fileRef = 1A138D08E00F3F72C49D4A07 /* FullDiskAccessCheckpointView.swift */; };
		426C71EB1C8F99F975400706 /* UserDefaults+DefaultsKey.swift in Sources */ = {isa = PBXBuildFile; fileRef = 4CD39E10FE5C0F9852587029 /* UserDefaults+DefaultsKey.swift */; };
		435BF08846543A906F51132B /* Icons.xcassets in Resources */ = {isa = PBXBuildFile; fileRef = 55C2A999CAF70A0C4CEC90CB /* Icons.xcassets */; };
		4568B114A4004D204D1FB9CD /* TimeMachinePathFilterTests.swift in Sources */ = {isa = PBXBuildFile; fileRef = E173068889EBA8B058F00D1A /* TimeMachinePathFilterTests.swift */; };
		45C0B826ED1A9A1DE96C0BCE /* SandboxedBookmarks.swift in Sources */ = {isa = PBXBuildFile; fileRef = 60A2CBB5A64727943DC1BBF0 /* SandboxedBookmarks.swift */; };
		4AFFB8FBD2E18552AA843D0F /* TMUtilBasedStatusProvider.swift in Sources */ = {isa = PBXBuildFile; fileRef = 9EFAC1C26EF29F64B4162E1F /* TMUtilBasedStatusProvider.swift */; };
		4BF45FC248895952280FDC80 /* TMUtilBasedStatusProviderTests.swift in Sources */ = {isa = PBXBuildFile; fileRef = A859E3E168BE4A66524302FC /* TMUtilBasedStatusProviderTests.swift */; };
		4F1814D3E349E361BC74A194 /* TMUtilBasedStatusProvider.swift in Sources */ = {isa = PBXBuildFile; fileRef = 9EFAC1C26EF29F64B4162E1F /* TMUtilBasedStatusProvider.swift */; };
		53FBC6DDD1F8B2EDC8683129 /* MetadataWriter.swift in Sources */ = {isa = PBXBuildFile; fileRef = 2849DE197ED6058E3288BBC7 /* MetadataWriter.swift */; };
		5451E42C4A8C7D25AF907427 /* TmUtilIsExcludedOutput.txt in Resources */ = {isa = PBXBuildFile; fileRef = 72BE772E3F1177828A03CD71 /* TmUtilIsExcludedOutput.txt */; };
		554C99F30F3800085EBBA56F /* PathUtilities+Sandboxing.swift in Sources */ = {isa = PBXBuildFile; fileRef = 295047231D2B4292ABD0B545 /* PathUtilities+Sandboxing.swift */; };
		584164EB890A8D0B7461B354 /* TMStatusProvider.swift in Sources */ = {isa = PBXBuildFile; fileRef = 09C7656536CBDE702A03F6ED /* TMStatusProvider.swift */; };
		5BE9412169B98AADB31F5B34 /* BackupMetadataFilter.swift in Sources */ = {isa = PBXBuildFile; fileRef = 955246551027F988AF53ACF6 /* BackupMetadataFilter.swift */; };
		5C8075C37D316D0895B118E6 /* MetadataWriter.swift in Sources */ = {isa = PBXBuildFile; fileRef = 2849DE197ED6058E3288BBC7 /* MetadataWriter.swift */; };
		6092E7774E708712B771B561 /* FullDiskAccessCheckpointView.swift in Sources */ = {isa = PBXBuildFile; fileRef = 1A138D08E00F3F72C49D4A07 /* FullDiskAccessCheckpointView.swift */; };
		61B7A1F9CD832E605EADEEC0 /* TimeMachineUserDefaults.swift in Sources */ = {isa = PBXBuildFile; fileRef = 53D347A0B35FF7B51109D4D7 /* TimeMachineUserDefaults.swift */; };
		64F088506DCD6DF05394A52B /* TimeMachinePermissionsReporting.swift in Sources */ = {isa = PBXBuildFile; fileRef = 8FF97F4C39B49DFEF00AA5E1 /* TimeMachinePermissionsReporting.swift */; };
		6C51FC87F29D35D5B57FC5AB /* MDItemBackupController.swift in Sources */ = {isa = PBXBuildFile; fileRef = 2DCDC9C1D3AFD0F1EC459F85 /* MDItemBackupController.swift */; };
		6DC0A8620026651157B7096E /* VolumeFilter.swift in Sources */ = {isa = PBXBuildFile; fileRef = 40A02D2184D24D82A81CE2C9 /* VolumeFilter.swift */; };
		769B34CA5F81C7D622656C19 /* PathFilter.swift in Sources */ = {isa = PBXBuildFile; fileRef = C15F256F5EA839B4720B3186 /* PathFilter.swift */; };
		810B8AF85EBCF581E5F273BC /* Launching.swift in Sources */ = {isa = PBXBuildFile; fileRef = 4C6EAC65503209B9B9CA1C4B /* Launching.swift */; };
		85CB15808B9F574B85FF98A8 /* SandboxedBookmarksResolver.swift in Sources */ = {isa = PBXBuildFile; fileRef = BACD95A8B7FBEEE09C0FDF90 /* SandboxedBookmarksResolver.swift */; };
		87CD74414A532ABB5396BFF5 /* Sugar.swift in Sources */ = {isa = PBXBuildFile; fileRef = CDD3CC5F2630243D69DDD741 /* Sugar.swift */; };
		88C6AC18DBAA1C45C6A5206D /* DisplayNames.swift in Sources */ = {isa = PBXBuildFile; fileRef = 8559AEA7078BAAF278B09AA6 /* DisplayNames.swift */; };
		8977C58F6070F675D80A0FB6 /* FinderExtensionCheckpointView.swift in Sources */ = {isa = PBXBuildFile; fileRef = 302EB0E7AAD313057B7F78E8 /* FinderExtensionCheckpointView.swift */; };
		8B4C9582CCE4E2CF2B963BEB /* ExtendedAttributes.swift in Sources */ = {isa = PBXBuildFile; fileRef = 688A73E924E17AB042449119 /* ExtendedAttributes.swift */; };
		8D58C62158E87601D808878C /* FullDiskAccessImp.swift in Sources */ = {isa = PBXBuildFile; fileRef = 77A2F12AB3EA6F894C720426 /* FullDiskAccessImp.swift */; };
		9277F917FC87414BF6966887 /* TimeMachineVolumeFilter.swift in Sources */ = {isa = PBXBuildFile; fileRef = D4CDF2EFC06F759414D2D9CC /* TimeMachineVolumeFilter.swift */; };
		93B38095BF8735FF86B66204 /* ScopedSandboxedBookmarks.swift in Sources */ = {isa = PBXBuildFile; fileRef = ACDC5A5C026805C9922B665F /* ScopedSandboxedBookmarks.swift */; };
		96E26462BE3F7DB5225E33C2 /* DefaultsKey.swift in Sources */ = {isa = PBXBuildFile; fileRef = BE55D079B06C52D59943F175 /* DefaultsKey.swift */; };
		9BF8CF3B1FE9FD4B8CD6BB9D /* SandboxAccessView.swift in Sources */ = {isa = PBXBuildFile; fileRef = B62AF1768F105ECFC5822BFB /* SandboxAccessView.swift */; };
		9D10E59393A0DAC5F7AD9E8C /* SandboxAccessView.swift in Sources */ = {isa = PBXBuildFile; fileRef = B62AF1768F105ECFC5822BFB /* SandboxAccessView.swift */; };
		A1CAAF0F962278938E4A8349 /* FileManager+Sandboxing.swift in Sources */ = {isa = PBXBuildFile; fileRef = 37F58547D7798D62E4E697EF /* FileManager+Sandboxing.swift */; };
		A27419AE82BB186EC333983C /* Sugar.swift in Sources */ = {isa = PBXBuildFile; fileRef = CDD3CC5F2630243D69DDD741 /* Sugar.swift */; };
		A45BF14AB20B7F9670EB6F22 /* TimeMachinePathFilter.swift in Sources */ = {isa = PBXBuildFile; fileRef = B887F90DB4B9731C75DC9C61 /* TimeMachinePathFilter.swift */; };
		A4B83300B870FA37105EDA9E /* DefaultsKey.swift in Sources */ = {isa = PBXBuildFile; fileRef = BE55D079B06C52D59943F175 /* DefaultsKey.swift */; };
		A51BBD40FA120950CA4B3932 /* TMStatusProvider.swift in Sources */ = {isa = PBXBuildFile; fileRef = 09C7656536CBDE702A03F6ED /* TMStatusProvider.swift */; };
		A6EAACD116D56DD32AD55BF7 /* FileManager+Sandboxing.swift in Sources */ = {isa = PBXBuildFile; fileRef = 37F58547D7798D62E4E697EF /* FileManager+Sandboxing.swift */; };
		AE439C31FC726408DD975EF7 /* Array+URLPaths.swift in Sources */ = {isa = PBXBuildFile; fileRef = CF9B3A272F7CCAE00C2581C1 /* Array+URLPaths.swift */; };
		AF2456622AFB86B9B8F19AC3 /* CheckpointView.swift in Sources */ = {isa = PBXBuildFile; fileRef = DC2268116C403E8A3AEEC2A0 /* CheckpointView.swift */; };
		AF471D23A16C8C161ECF97C7 /* SharedDefaults.swift in Sources */ = {isa = PBXBuildFile; fileRef = 1780AFA9840706BEF22666C3 /* SharedDefaults.swift */; };
		AF583338B4EBE4704DA245C5 /* TimeMachineVolumeFilter.swift in Sources */ = {isa = PBXBuildFile; fileRef = D4CDF2EFC06F759414D2D9CC /* TimeMachineVolumeFilter.swift */; };
		B1756E521E49E065D0B86446 /* OnLaunch.swift in Sources */ = {isa = PBXBuildFile; fileRef = 219AEE30460BF4C262DE0E31 /* OnLaunch.swift */; };
		B3253557431DBBDB2135E120 /* DirectLookupBasedStatusProvider.swift in Sources */ = {isa = PBXBuildFile; fileRef = 1ADFE8F5A9FEECA7B01D88BD /* DirectLookupBasedStatusProvider.swift */; };
		B4F25A7EA1BBC9822B43C32F /* FullDiskAccessImp.swift in Sources */ = {isa = PBXBuildFile; fileRef = 77A2F12AB3EA6F894C720426 /* FullDiskAccessImp.swift */; };
		B4F62BFF15B83AE231E0A475 /* TMBuddyTests.swift in Sources */ = {isa = PBXBuildFile; fileRef = 245A96EFD04DED5DE47E39CA /* TMBuddyTests.swift */; };
		B78E7A1691693BFD7BF600C8 /* Array+URLPaths.swift in Sources */ = {isa = PBXBuildFile; fileRef = CF9B3A272F7CCAE00C2581C1 /* Array+URLPaths.swift */; };
		BD6838D67A54A7AD72D8E998 /* Array+URLPaths.swift in Sources */ = {isa = PBXBuildFile; fileRef = CF9B3A272F7CCAE00C2581C1 /* Array+URLPaths.swift */; };
		BF5290A7407D73C784DF15A2 /* FinderSync.swift in Sources */ = {isa = PBXBuildFile; fileRef = C7CDFE6410BDEBA2C330A47A /* FinderSync.swift */; };
		C42A871C9E096C081F97B232 /* ExtendedAttributesBackupController.swift in Sources */ = {isa = PBXBuildFile; fileRef = 374BDE2929CE87139B63F60F /* ExtendedAttributesBackupController.swift */; };
		C80F671AF27EFE947E8AE9EE /* TimeMachineUserDefaults.swift in Sources */ = {isa = PBXBuildFile; fileRef = 53D347A0B35FF7B51109D4D7 /* TimeMachineUserDefaults.swift */; };
		C84882B67D3DD33CD6DAC776 /* Assets.xcassets in Resources */ = {isa = PBXBuildFile; fileRef = 2B4FFE2A3FA843D85516307A /* Assets.xcassets */; };
		CB416ED99F06761840AF407C /* MetadataReader.swift in Sources */ = {isa = PBXBuildFile; fileRef = 9CB1E25C136AB3BAE6BD3AC1 /* MetadataReader.swift */; };
		CBD2F147EF0B6B2BDB19110F /* Tracing.swift in Sources */ = {isa = PBXBuildFile; fileRef = BB7559DB1B0BD5E0E8803B42 /* Tracing.swift */; };
		CD90BADFBD82319F2AE543ED /* ContentView.swift in Sources */ = {isa = PBXBuildFile; fileRef = F7D2CAE78C19E5BB9E46EDD9 /* ContentView.swift */; };
		CDF3317113C7FCEE64C8C99F /* ScopedSandboxedBookmarks.swift in Sources */ = {isa = PBXBuildFile; fileRef = ACDC5A5C026805C9922B665F /* ScopedSandboxedBookmarks.swift */; };
		CDF350857210257FA6743717 /* TimeMachinePathFilter.swift in Sources */ = {isa = PBXBuildFile; fileRef = B887F90DB4B9731C75DC9C61 /* TimeMachinePathFilter.swift */; };
		CE4F6412437ED123D9C5C55F /* Launching.swift in Sources */ = {isa = PBXBuildFile; fileRef = 4C6EAC65503209B9B9CA1C4B /* Launching.swift */; };
		D1916CB50F7C88D79018015B /* FinderExtensionCheckpointView.swift in Sources */ = {isa = PBXBuildFile; fileRef = 302EB0E7AAD313057B7F78E8 /* FinderExtensionCheckpointView.swift */; };
		D37B6303B297540357D69EA6 /* String+Ranges.swift in Sources */ = {isa = PBXBuildFile; fileRef = 860E9D098D06436BA18B2896 /* String+Ranges.swift */; };
		D476ACF5C3559CC38C9972E3 /* UserDefaults+DefaultsKey.swift in Sources */ = {isa = PBXBuildFile; fileRef = 4CD39E10FE5C0F9852587029 /* UserDefaults+DefaultsKey.swift */; };
		D64549F2D3124D1D956C80CC /* PathUtilities+Sandboxing.swift in Sources */ = {isa = PBXBuildFile; fileRef = 295047231D2B4292ABD0B545 /* PathUtilities+Sandboxing.swift */; };
		D697553E8BD00A7FABF911C3 /* TMStatus.swift in Sources */ = {isa = PBXBuildFile; fileRef = 38B056A6D06EBCAEFEA7935A /* TMStatus.swift */; };
		D86BF8D1D5E87248F7A73794 /* FinderSyncExtensionStatusProvider.swift in Sources */ = {isa = PBXBuildFile; fileRef = E8CC5E12ACA96F8D131323D3 /* FinderSyncExtensionStatusProvider.swift */; };
		D870F4288A0E9AA1AAB2162D /* FileManager+Sandboxing.swift in Sources */ = {isa = PBXBuildFile; fileRef = 37F58547D7798D62E4E697EF /* FileManager+Sandboxing.swift */; };
		D9A23882432E910032235B8A /* SandboxedBookmarks.swift in Sources */ = {isa = PBXBuildFile; fileRef = 60A2CBB5A64727943DC1BBF0 /* SandboxedBookmarks.swift */; };
		DD992DEEBC9236FA72C24828 /* ContentView.swift in Sources */ = {isa = PBXBuildFile; fileRef = F7D2CAE78C19E5BB9E46EDD9 /* ContentView.swift */; };
		DDA25B4A2FB2EE22F88E519A /* TimeMachineVolumeFilterTests.swift in Sources */ = {isa = PBXBuildFile; fileRef = 5A3B9463392ED5BD7132ABDE /* TimeMachineVolumeFilterTests.swift */; };
		DE0E41BF4B4066BD2FBD2603 /* SandboxedBookmarks.swift in Sources */ = {isa = PBXBuildFile; fileRef = 60A2CBB5A64727943DC1BBF0 /* SandboxedBookmarks.swift */; };
		DE0E931933A8473C39111DEB /* MDItemBackupController.swift in Sources */ = {isa = PBXBuildFile; fileRef = 2DCDC9C1D3AFD0F1EC459F85 /* MDItemBackupController.swift */; };
		DEA1BEC65FCC3DF8A0FBAE6D /* TimeMachinePermissionsReporting.swift in Sources */ = {isa = PBXBuildFile; fileRef = 8FF97F4C39B49DFEF00AA5E1 /* TimeMachinePermissionsReporting.swift */; };
		E4D77EA690B2BB4E1898B84C /* SanityChecking.swift in Sources */ = {isa = PBXBuildFile; fileRef = E0C8D1F63F14009D9FDBCDE6 /* SanityChecking.swift */; };
		E644016F784656DD6CC498D2 /* SharedDefaults.swift in Sources */ = {isa = PBXBuildFile; fileRef = 1780AFA9840706BEF22666C3 /* SharedDefaults.swift */; };
		E659E0FFE0B614FD75972974 /* SavingSandboxedBookmarks.swift in Sources */ = {isa = PBXBuildFile; fileRef = 5303B562293DD78A04D02653 /* SavingSandboxedBookmarks.swift */; };
		E74E1B38C475FD79F4428E7A /* SavingSandboxedBookmarks.swift in Sources */ = {isa = PBXBuildFile; fileRef = 5303B562293DD78A04D02653 /* SavingSandboxedBookmarks.swift */; };
		E808DC3DDFE6396499CA428D /* SanityChecking.swift in Sources */ = {isa = PBXBuildFile; fileRef = E0C8D1F63F14009D9FDBCDE6 /* SanityChecking.swift */; };
		ED34610D0D0EDF8DD0636445 /* FoldersSelectionCheckpointView.swift in Sources */ = {isa = PBXBuildFile; fileRef = D9BDC3DAAA1887D34A5E0F7B /* FoldersSelectionCheckpointView.swift */; };
		EDDF4E005E411F0E1654731F /* TMUtilLauncher.swift in Sources */ = {isa = PBXBuildFile; fileRef = 5C66D62EB87BCFAF0337B626 /* TMUtilLauncher.swift */; };
		F11058658FD8B1249CE12E78 /* TMBuddyFinder.appex in Embed App Extensions */ = {isa = PBXBuildFile; fileRef = 1C035E28595D2AAC245A6FAF /* TMBuddyFinder.appex */; settings = {ATTRIBUTES = (RemoveHeadersOnCopy, ); }; };
		F12A1AA9F20EFA184137C3D1 /* UserDefaultsObserver.swift in Sources */ = {isa = PBXBuildFile; fileRef = C551C04BE645AD741F429489 /* UserDefaultsObserver.swift */; };
		F384F257E02E7060461714F1 /* TMUtilLauncher.swift in Sources */ = {isa = PBXBuildFile; fileRef = 5C66D62EB87BCFAF0337B626 /* TMUtilLauncher.swift */; };
		F3FFFCC058C3D291967C6228 /* DefaultsKey.swift in Sources */ = {isa = PBXBuildFile; fileRef = BE55D079B06C52D59943F175 /* DefaultsKey.swift */; };
		F77BDD7E28866275CEBA7A9F /* SandboxedBookmarksResolver.swift in Sources */ = {isa = PBXBuildFile; fileRef = BACD95A8B7FBEEE09C0FDF90 /* SandboxedBookmarksResolver.swift */; };
		F817DC3388C25BA31275B6E8 /* FinderSyncExtensionStatusProvider.swift in Sources */ = {isa = PBXBuildFile; fileRef = E8CC5E12ACA96F8D131323D3 /* FinderSyncExtensionStatusProvider.swift */; };
		F856AA48429F377F6F6D84E3 /* PathUtilities+Sandboxing.swift in Sources */ = {isa = PBXBuildFile; fileRef = 295047231D2B4292ABD0B545 /* PathUtilities+Sandboxing.swift */; };
		FB77745A8E8C74C6924C63A8 /* Launching.swift in Sources */ = {isa = PBXBuildFile; fileRef = 4C6EAC65503209B9B9CA1C4B /* Launching.swift */; };
		FE72F8580C82ECD62770F8BC /* String+Ranges.swift in Sources */ = {isa = PBXBuildFile; fileRef = 860E9D098D06436BA18B2896 /* String+Ranges.swift */; };
		FF0095B0E1EF38A44828AB4C /* UserDefaultsObserver.swift in Sources */ = {isa = PBXBuildFile; fileRef = C551C04BE645AD741F429489 /* UserDefaultsObserver.swift */; };
/* End PBXBuildFile section */

/* Begin PBXContainerItemProxy section */
		6184001C2C5ECFA7C928BF55 /* PBXContainerItemProxy */ = {
			isa = PBXContainerItemProxy;
			containerPortal = 7B2DC5F21E7612DB102197DF /* Project object */;
			proxyType = 1;
			remoteGlobalIDString = 3B17EF830032880250B139E3;
			remoteInfo = TMBuddyFinder;
		};
/* End PBXContainerItemProxy section */

/* Begin PBXCopyFilesBuildPhase section */
		4C6EB4CBA9F1EDDBFD9E95EF /* Embed App Extensions */ = {
			isa = PBXCopyFilesBuildPhase;
			buildActionMask = 2147483647;
			dstPath = "";
			dstSubfolderSpec = 13;
			files = (
				F11058658FD8B1249CE12E78 /* TMBuddyFinder.appex in Embed App Extensions */,
			);
			name = "Embed App Extensions";
			runOnlyForDeploymentPostprocessing = 0;
		};
/* End PBXCopyFilesBuildPhase section */

/* Begin PBXFileReference section */
		09C7656536CBDE702A03F6ED /* TMStatusProvider.swift */ = {isa = PBXFileReference; lastKnownFileType = sourcecode.swift; path = TMStatusProvider.swift; sourceTree = "<group>"; };
		0DEFDDEECB748E89AEE3E43B /* FoldersSelectionImp.swift */ = {isa = PBXFileReference; lastKnownFileType = sourcecode.swift; path = FoldersSelectionImp.swift; sourceTree = "<group>"; };
		1780AFA9840706BEF22666C3 /* SharedDefaults.swift */ = {isa = PBXFileReference; lastKnownFileType = sourcecode.swift; path = SharedDefaults.swift; sourceTree = "<group>"; };
		1A138D08E00F3F72C49D4A07 /* FullDiskAccessCheckpointView.swift */ = {isa = PBXFileReference; lastKnownFileType = sourcecode.swift; path = FullDiskAccessCheckpointView.swift; sourceTree = "<group>"; };
		1ADFE8F5A9FEECA7B01D88BD /* DirectLookupBasedStatusProvider.swift */ = {isa = PBXFileReference; lastKnownFileType = sourcecode.swift; path = DirectLookupBasedStatusProvider.swift; sourceTree = "<group>"; };
		1C035E28595D2AAC245A6FAF /* TMBuddyFinder.appex */ = {isa = PBXFileReference; explicitFileType = "wrapper.app-extension"; includeInIndex = 0; path = TMBuddyFinder.appex; sourceTree = BUILT_PRODUCTS_DIR; };
		219AEE30460BF4C262DE0E31 /* OnLaunch.swift */ = {isa = PBXFileReference; lastKnownFileType = sourcecode.swift; path = OnLaunch.swift; sourceTree = "<group>"; };
		23DC765C05C90830E857DC28 /* TMBuddy.entitlements */ = {isa = PBXFileReference; lastKnownFileType = text.plist.entitlements; path = TMBuddy.entitlements; sourceTree = "<group>"; };
		245A96EFD04DED5DE47E39CA /* TMBuddyTests.swift */ = {isa = PBXFileReference; lastKnownFileType = sourcecode.swift; path = TMBuddyTests.swift; sourceTree = "<group>"; };
		2849DE197ED6058E3288BBC7 /* MetadataWriter.swift */ = {isa = PBXFileReference; lastKnownFileType = sourcecode.swift; path = MetadataWriter.swift; sourceTree = "<group>"; };
		295047231D2B4292ABD0B545 /* PathUtilities+Sandboxing.swift */ = {isa = PBXFileReference; lastKnownFileType = sourcecode.swift; path = "PathUtilities+Sandboxing.swift"; sourceTree = "<group>"; };
		2B4FFE2A3FA843D85516307A /* Assets.xcassets */ = {isa = PBXFileReference; lastKnownFileType = folder.assetcatalog; path = Assets.xcassets; sourceTree = "<group>"; };
		2DCDC9C1D3AFD0F1EC459F85 /* MDItemBackupController.swift */ = {isa = PBXFileReference; lastKnownFileType = sourcecode.swift; path = MDItemBackupController.swift; sourceTree = "<group>"; };
		302EB0E7AAD313057B7F78E8 /* FinderExtensionCheckpointView.swift */ = {isa = PBXFileReference; lastKnownFileType = sourcecode.swift; path = FinderExtensionCheckpointView.swift; sourceTree = "<group>"; };
		374BDE2929CE87139B63F60F /* ExtendedAttributesBackupController.swift */ = {isa = PBXFileReference; lastKnownFileType = sourcecode.swift; path = ExtendedAttributesBackupController.swift; sourceTree = "<group>"; };
		37F58547D7798D62E4E697EF /* FileManager+Sandboxing.swift */ = {isa = PBXFileReference; lastKnownFileType = sourcecode.swift; path = "FileManager+Sandboxing.swift"; sourceTree = "<group>"; };
		38B056A6D06EBCAEFEA7935A /* TMStatus.swift */ = {isa = PBXFileReference; lastKnownFileType = sourcecode.swift; path = TMStatus.swift; sourceTree = "<group>"; };
		3EE6AB800A72279CB08C542F /* TMBuddyApp.swift */ = {isa = PBXFileReference; lastKnownFileType = sourcecode.swift; path = TMBuddyApp.swift; sourceTree = "<group>"; };
		40A02D2184D24D82A81CE2C9 /* VolumeFilter.swift */ = {isa = PBXFileReference; lastKnownFileType = sourcecode.swift; path = VolumeFilter.swift; sourceTree = "<group>"; };
		4C6EAC65503209B9B9CA1C4B /* Launching.swift */ = {isa = PBXFileReference; lastKnownFileType = sourcecode.swift; path = Launching.swift; sourceTree = "<group>"; };
		4CD39E10FE5C0F9852587029 /* UserDefaults+DefaultsKey.swift */ = {isa = PBXFileReference; lastKnownFileType = sourcecode.swift; path = "UserDefaults+DefaultsKey.swift"; sourceTree = "<group>"; };
		5303B562293DD78A04D02653 /* SavingSandboxedBookmarks.swift */ = {isa = PBXFileReference; lastKnownFileType = sourcecode.swift; path = SavingSandboxedBookmarks.swift; sourceTree = "<group>"; };
		53D347A0B35FF7B51109D4D7 /* TimeMachineUserDefaults.swift */ = {isa = PBXFileReference; lastKnownFileType = sourcecode.swift; path = TimeMachineUserDefaults.swift; sourceTree = "<group>"; };
		55C2A999CAF70A0C4CEC90CB /* Icons.xcassets */ = {isa = PBXFileReference; lastKnownFileType = folder.assetcatalog; path = Icons.xcassets; sourceTree = "<group>"; };
		5A3B9463392ED5BD7132ABDE /* TimeMachineVolumeFilterTests.swift */ = {isa = PBXFileReference; lastKnownFileType = sourcecode.swift; path = TimeMachineVolumeFilterTests.swift; sourceTree = "<group>"; };
		5C66D62EB87BCFAF0337B626 /* TMUtilLauncher.swift */ = {isa = PBXFileReference; lastKnownFileType = sourcecode.swift; path = TMUtilLauncher.swift; sourceTree = "<group>"; };
		5E1B1EAE38A301E37947D0C1 /* TMBuddy.app */ = {isa = PBXFileReference; explicitFileType = wrapper.application; includeInIndex = 0; path = TMBuddy.app; sourceTree = BUILT_PRODUCTS_DIR; };
		60A2CBB5A64727943DC1BBF0 /* SandboxedBookmarks.swift */ = {isa = PBXFileReference; lastKnownFileType = sourcecode.swift; path = SandboxedBookmarks.swift; sourceTree = "<group>"; };
		688A73E924E17AB042449119 /* ExtendedAttributes.swift */ = {isa = PBXFileReference; lastKnownFileType = sourcecode.swift; path = ExtendedAttributes.swift; sourceTree = "<group>"; };
		72BE772E3F1177828A03CD71 /* TmUtilIsExcludedOutput.txt */ = {isa = PBXFileReference; lastKnownFileType = text; path = TmUtilIsExcludedOutput.txt; sourceTree = "<group>"; };
		77A2F12AB3EA6F894C720426 /* FullDiskAccessImp.swift */ = {isa = PBXFileReference; lastKnownFileType = sourcecode.swift; path = FullDiskAccessImp.swift; sourceTree = "<group>"; };
		78DACA7261D3F92843A2EC0A /* Info.plist */ = {isa = PBXFileReference; lastKnownFileType = text.plist; path = Info.plist; sourceTree = "<group>"; };
		7A12A5FFD2A673AB334FB2A7 /* TMBuddyFinder.entitlements */ = {isa = PBXFileReference; lastKnownFileType = text.plist.entitlements; path = TMBuddyFinder.entitlements; sourceTree = "<group>"; };
		8559AEA7078BAAF278B09AA6 /* DisplayNames.swift */ = {isa = PBXFileReference; lastKnownFileType = sourcecode.swift; path = DisplayNames.swift; sourceTree = "<group>"; };
		860E9D098D06436BA18B2896 /* String+Ranges.swift */ = {isa = PBXFileReference; lastKnownFileType = sourcecode.swift; path = "String+Ranges.swift"; sourceTree = "<group>"; };
		8FF97F4C39B49DFEF00AA5E1 /* TimeMachinePermissionsReporting.swift */ = {isa = PBXFileReference; lastKnownFileType = sourcecode.swift; path = TimeMachinePermissionsReporting.swift; sourceTree = "<group>"; };
		93129EF4DF440EDF5D8033F5 /* Default.xcconfig */ = {isa = PBXFileReference; lastKnownFileType = text.xcconfig; path = Default.xcconfig; sourceTree = "<group>"; };
		955246551027F988AF53ACF6 /* BackupMetadataFilter.swift */ = {isa = PBXFileReference; lastKnownFileType = sourcecode.swift; path = BackupMetadataFilter.swift; sourceTree = "<group>"; };
		9CB1E25C136AB3BAE6BD3AC1 /* MetadataReader.swift */ = {isa = PBXFileReference; lastKnownFileType = sourcecode.swift; path = MetadataReader.swift; sourceTree = "<group>"; };
		9EFAC1C26EF29F64B4162E1F /* TMUtilBasedStatusProvider.swift */ = {isa = PBXFileReference; lastKnownFileType = sourcecode.swift; path = TMUtilBasedStatusProvider.swift; sourceTree = "<group>"; };
		A859E3E168BE4A66524302FC /* TMUtilBasedStatusProviderTests.swift */ = {isa = PBXFileReference; lastKnownFileType = sourcecode.swift; path = TMUtilBasedStatusProviderTests.swift; sourceTree = "<group>"; };
		ACDC5A5C026805C9922B665F /* ScopedSandboxedBookmarks.swift */ = {isa = PBXFileReference; lastKnownFileType = sourcecode.swift; path = ScopedSandboxedBookmarks.swift; sourceTree = "<group>"; };
		B460C2419D35A87B8B8B7F1F /* Main.storyboard */ = {isa = PBXFileReference; lastKnownFileType = file.storyboard; path = Main.storyboard; sourceTree = "<group>"; };
		B62AF1768F105ECFC5822BFB /* SandboxAccessView.swift */ = {isa = PBXFileReference; lastKnownFileType = sourcecode.swift; path = SandboxAccessView.swift; sourceTree = "<group>"; };
		B887F90DB4B9731C75DC9C61 /* TimeMachinePathFilter.swift */ = {isa = PBXFileReference; lastKnownFileType = sourcecode.swift; path = TimeMachinePathFilter.swift; sourceTree = "<group>"; };
		BACD95A8B7FBEEE09C0FDF90 /* SandboxedBookmarksResolver.swift */ = {isa = PBXFileReference; lastKnownFileType = sourcecode.swift; path = SandboxedBookmarksResolver.swift; sourceTree = "<group>"; };
		BB7559DB1B0BD5E0E8803B42 /* Tracing.swift */ = {isa = PBXFileReference; lastKnownFileType = sourcecode.swift; path = Tracing.swift; sourceTree = "<group>"; };
		BE55D079B06C52D59943F175 /* DefaultsKey.swift */ = {isa = PBXFileReference; lastKnownFileType = sourcecode.swift; path = DefaultsKey.swift; sourceTree = "<group>"; };
		C15F256F5EA839B4720B3186 /* PathFilter.swift */ = {isa = PBXFileReference; lastKnownFileType = sourcecode.swift; path = PathFilter.swift; sourceTree = "<group>"; };
		C551C04BE645AD741F429489 /* UserDefaultsObserver.swift */ = {isa = PBXFileReference; lastKnownFileType = sourcecode.swift; path = UserDefaultsObserver.swift; sourceTree = "<group>"; };
		C7CDFE6410BDEBA2C330A47A /* FinderSync.swift */ = {isa = PBXFileReference; lastKnownFileType = sourcecode.swift; path = FinderSync.swift; sourceTree = "<group>"; };
		CDD3CC5F2630243D69DDD741 /* Sugar.swift */ = {isa = PBXFileReference; lastKnownFileType = sourcecode.swift; path = Sugar.swift; sourceTree = "<group>"; };
		CF9B3A272F7CCAE00C2581C1 /* Array+URLPaths.swift */ = {isa = PBXFileReference; lastKnownFileType = sourcecode.swift; path = "Array+URLPaths.swift"; sourceTree = "<group>"; };
		D4CDF2EFC06F759414D2D9CC /* TimeMachineVolumeFilter.swift */ = {isa = PBXFileReference; lastKnownFileType = sourcecode.swift; path = TimeMachineVolumeFilter.swift; sourceTree = "<group>"; };
		D9BDC3DAAA1887D34A5E0F7B /* FoldersSelectionCheckpointView.swift */ = {isa = PBXFileReference; lastKnownFileType = sourcecode.swift; path = FoldersSelectionCheckpointView.swift; sourceTree = "<group>"; };
		DC2268116C403E8A3AEEC2A0 /* CheckpointView.swift */ = {isa = PBXFileReference; lastKnownFileType = sourcecode.swift; path = CheckpointView.swift; sourceTree = "<group>"; };
		DEEC50D66E25871967A01F94 /* DirectLookupBasedStatusProviderTests.swift */ = {isa = PBXFileReference; lastKnownFileType = sourcecode.swift; path = DirectLookupBasedStatusProviderTests.swift; sourceTree = "<group>"; };
		E0C8D1F63F14009D9FDBCDE6 /* SanityChecking.swift */ = {isa = PBXFileReference; lastKnownFileType = sourcecode.swift; path = SanityChecking.swift; sourceTree = "<group>"; };
		E130E31AA996BC776042650C /* Info.plist */ = {isa = PBXFileReference; lastKnownFileType = text.plist; path = Info.plist; sourceTree = "<group>"; };
		E173068889EBA8B058F00D1A /* TimeMachinePathFilterTests.swift */ = {isa = PBXFileReference; lastKnownFileType = sourcecode.swift; path = TimeMachinePathFilterTests.swift; sourceTree = "<group>"; };
		E8CC5E12ACA96F8D131323D3 /* FinderSyncExtensionStatusProvider.swift */ = {isa = PBXFileReference; lastKnownFileType = sourcecode.swift; path = FinderSyncExtensionStatusProvider.swift; sourceTree = "<group>"; };
		F7D2CAE78C19E5BB9E46EDD9 /* ContentView.swift */ = {isa = PBXFileReference; lastKnownFileType = sourcecode.swift; path = ContentView.swift; sourceTree = "<group>"; };
		FAF73314A78C08D33B757291 /* TMBuddyTests.xctest */ = {isa = PBXFileReference; explicitFileType = wrapper.cfbundle; includeInIndex = 0; path = TMBuddyTests.xctest; sourceTree = BUILT_PRODUCTS_DIR; };
/* End PBXFileReference section */

/* Begin PBXGroup section */
		013AF3B943CB05B1AEE559F4 /* Products */ = {
			isa = PBXGroup;
			children = (
				5E1B1EAE38A301E37947D0C1 /* TMBuddy.app */,
				1C035E28595D2AAC245A6FAF /* TMBuddyFinder.appex */,
				FAF73314A78C08D33B757291 /* TMBuddyTests.xctest */,
			);
			name = Products;
			sourceTree = "<group>";
		};
		07247BD71FEAC0ACD33FA8D8 /* FinderSyncExtension */ = {
			isa = PBXGroup;
			children = (
				302EB0E7AAD313057B7F78E8 /* FinderExtensionCheckpointView.swift */,
				E8CC5E12ACA96F8D131323D3 /* FinderSyncExtensionStatusProvider.swift */,
			);
			path = FinderSyncExtension;
			sourceTree = "<group>";
		};
		0F6F6CA9DE0EB7FA939B0C4E /* Bundle */ = {
			isa = PBXGroup;
			children = (
				78DACA7261D3F92843A2EC0A /* Info.plist */,
				23DC765C05C90830E857DC28 /* TMBuddy.entitlements */,
			);
			path = Bundle;
			sourceTree = "<group>";
		};
		17A46230235F30435D2AD6A0 /* XCConfigs */ = {
			isa = PBXGroup;
			children = (
				93129EF4DF440EDF5D8033F5 /* Default.xcconfig */,
			);
			path = XCConfigs;
			sourceTree = "<group>";
		};
		1D2DE2B583BEA1082B7D9CCD /* OtherModules */ = {
			isa = PBXGroup;
			children = (
				CF9B3A272F7CCAE00C2581C1 /* Array+URLPaths.swift */,
				4C6EAC65503209B9B9CA1C4B /* Launching.swift */,
				CDD3CC5F2630243D69DDD741 /* Sugar.swift */,
				BB7559DB1B0BD5E0E8803B42 /* Tracing.swift */,
				4CD39E10FE5C0F9852587029 /* UserDefaults+DefaultsKey.swift */,
				C551C04BE645AD741F429489 /* UserDefaultsObserver.swift */,
			);
			name = OtherModules;
			path = Targets/OtherModules;
			sourceTree = "<group>";
		};
		2303DC1638FCFC87EA3967D2 /* DirectLookup */ = {
			isa = PBXGroup;
			children = (
				955246551027F988AF53ACF6 /* BackupMetadataFilter.swift */,
				1ADFE8F5A9FEECA7B01D88BD /* DirectLookupBasedStatusProvider.swift */,
				374BDE2929CE87139B63F60F /* ExtendedAttributesBackupController.swift */,
				2DCDC9C1D3AFD0F1EC459F85 /* MDItemBackupController.swift */,
				9CB1E25C136AB3BAE6BD3AC1 /* MetadataReader.swift */,
				2849DE197ED6058E3288BBC7 /* MetadataWriter.swift */,
				C15F256F5EA839B4720B3186 /* PathFilter.swift */,
				B887F90DB4B9731C75DC9C61 /* TimeMachinePathFilter.swift */,
				D4CDF2EFC06F759414D2D9CC /* TimeMachineVolumeFilter.swift */,
				40A02D2184D24D82A81CE2C9 /* VolumeFilter.swift */,
			);
			path = DirectLookup;
			sourceTree = "<group>";
		};
		2D4891422000F47744F74FF8 /* TMBuddyShared */ = {
			isa = PBXGroup;
			children = (
				4BF9793CDFA76DBF0DDD7ADE /* Data */,
				DAB3843853D765DBC2F2A05D /* Globals */,
				6EAFD11C20C0E48902E7A9DA /* Helpers */,
			);
			name = TMBuddyShared;
			path = Targets/TMBuddyShared;
			sourceTree = "<group>";
		};
		35F04FBC7CE6453A8CE0958B /* Bundle */ = {
			isa = PBXGroup;
			children = (
				E130E31AA996BC776042650C /* Info.plist */,
				7A12A5FFD2A673AB334FB2A7 /* TMBuddyFinder.entitlements */,
			);
			path = Bundle;
			sourceTree = "<group>";
		};
		494436666EE72E7A339EC051 /* Main */ = {
			isa = PBXGroup;
			children = (
				C7CDFE6410BDEBA2C330A47A /* FinderSync.swift */,
			);
			path = Main;
			sourceTree = "<group>";
		};
		4B0154A0C12C345845B0C02B /* TMBuddyTests */ = {
			isa = PBXGroup;
			children = (
				DEEC50D66E25871967A01F94 /* DirectLookupBasedStatusProviderTests.swift */,
				E173068889EBA8B058F00D1A /* TimeMachinePathFilterTests.swift */,
				5A3B9463392ED5BD7132ABDE /* TimeMachineVolumeFilterTests.swift */,
				245A96EFD04DED5DE47E39CA /* TMBuddyTests.swift */,
				A859E3E168BE4A66524302FC /* TMUtilBasedStatusProviderTests.swift */,
				72BE772E3F1177828A03CD71 /* TmUtilIsExcludedOutput.txt */,
			);
			name = TMBuddyTests;
			path = Targets/TMBuddyTests;
			sourceTree = "<group>";
		};
		4BF9793CDFA76DBF0DDD7ADE /* Data */ = {
			isa = PBXGroup;
			children = (
				BE55D079B06C52D59943F175 /* DefaultsKey.swift */,
				60A2CBB5A64727943DC1BBF0 /* SandboxedBookmarks.swift */,
				E0C8D1F63F14009D9FDBCDE6 /* SanityChecking.swift */,
				5303B562293DD78A04D02653 /* SavingSandboxedBookmarks.swift */,
				ACDC5A5C026805C9922B665F /* ScopedSandboxedBookmarks.swift */,
				8FF97F4C39B49DFEF00AA5E1 /* TimeMachinePermissionsReporting.swift */,
			);
			path = Data;
			sourceTree = "<group>";
		};
		526D60F50B0D480A50564980 /* Sources */ = {
			isa = PBXGroup;
			children = (
				A9F85B4BFA0252E71407A15C /* AppGlobals */,
				5270F5C1467FBCF625C9E274 /* AppViews */,
				B7807FE1BFEA6B67CA971AFB /* Checkpoints */,
				724D5800CB7B0BDD9D6AB55B /* Main */,
				E985DF1A8C57671A0B232A96 /* UtilityViews */,
			);
			path = Sources;
			sourceTree = "<group>";
		};
		5270F5C1467FBCF625C9E274 /* AppViews */ = {
			isa = PBXGroup;
			children = (
				F7D2CAE78C19E5BB9E46EDD9 /* ContentView.swift */,
				B62AF1768F105ECFC5822BFB /* SandboxAccessView.swift */,
			);
			path = AppViews;
			sourceTree = "<group>";
		};
		6EAFD11C20C0E48902E7A9DA /* Helpers */ = {
			isa = PBXGroup;
			children = (
				688A73E924E17AB042449119 /* ExtendedAttributes.swift */,
				37F58547D7798D62E4E697EF /* FileManager+Sandboxing.swift */,
				295047231D2B4292ABD0B545 /* PathUtilities+Sandboxing.swift */,
				BACD95A8B7FBEEE09C0FDF90 /* SandboxedBookmarksResolver.swift */,
				860E9D098D06436BA18B2896 /* String+Ranges.swift */,
			);
			path = Helpers;
			sourceTree = "<group>";
		};
		724D5800CB7B0BDD9D6AB55B /* Main */ = {
			isa = PBXGroup;
			children = (
				219AEE30460BF4C262DE0E31 /* OnLaunch.swift */,
				3EE6AB800A72279CB08C542F /* TMBuddyApp.swift */,
			);
			path = Main;
			sourceTree = "<group>";
		};
		975324E9DA72DC28EE8532AD /* TMBuddyFinder */ = {
			isa = PBXGroup;
			children = (
				35F04FBC7CE6453A8CE0958B /* Bundle */,
				A7DDCCE028F9FC2A73BDB9C4 /* Sources */,
			);
			name = TMBuddyFinder;
			path = Targets/TMBuddyFinder;
			sourceTree = "<group>";
		};
		9BAC1C462095AD911D5B352E /* TMBuddy */ = {
			isa = PBXGroup;
			children = (
				0F6F6CA9DE0EB7FA939B0C4E /* Bundle */,
				C6ACCB27EE95DE17C4B2050D /* Resources */,
				526D60F50B0D480A50564980 /* Sources */,
			);
			name = TMBuddy;
			path = Targets/TMBuddy;
			sourceTree = "<group>";
		};
		A42AAB7CEAE72727CCA383A7 = {
			isa = PBXGroup;
			children = (
				1D2DE2B583BEA1082B7D9CCD /* OtherModules */,
				9BAC1C462095AD911D5B352E /* TMBuddy */,
				975324E9DA72DC28EE8532AD /* TMBuddyFinder */,
				2D4891422000F47744F74FF8 /* TMBuddyShared */,
				4B0154A0C12C345845B0C02B /* TMBuddyTests */,
				17A46230235F30435D2AD6A0 /* XCConfigs */,
				013AF3B943CB05B1AEE559F4 /* Products */,
			);
			sourceTree = "<group>";
		};
		A7DDCCE028F9FC2A73BDB9C4 /* Sources */ = {
			isa = PBXGroup;
			children = (
				A9A27CD9AC5212E0D5C3171D /* Helpers */,
				494436666EE72E7A339EC051 /* Main */,
			);
			path = Sources;
			sourceTree = "<group>";
		};
		A9A27CD9AC5212E0D5C3171D /* Helpers */ = {
			isa = PBXGroup;
			children = (
				09C7656536CBDE702A03F6ED /* TMStatusProvider.swift */,
				2303DC1638FCFC87EA3967D2 /* DirectLookup */,
				D69CF826676B25E520599711 /* TMUtil */,
			);
			path = Helpers;
			sourceTree = "<group>";
		};
		A9F85B4BFA0252E71407A15C /* AppGlobals */ = {
			isa = PBXGroup;
			children = (
				8559AEA7078BAAF278B09AA6 /* DisplayNames.swift */,
			);
			path = AppGlobals;
			sourceTree = "<group>";
		};
		B7807FE1BFEA6B67CA971AFB /* Checkpoints */ = {
			isa = PBXGroup;
			children = (
				07247BD71FEAC0ACD33FA8D8 /* FinderSyncExtension */,
				F4F4A7FCC063491B2C32A1DC /* FolderSelection */,
				C28E5D1175F0981D002318CB /* FullDiskAccess */,
			);
			path = Checkpoints;
			sourceTree = "<group>";
		};
		C28E5D1175F0981D002318CB /* FullDiskAccess */ = {
			isa = PBXGroup;
			children = (
				1A138D08E00F3F72C49D4A07 /* FullDiskAccessCheckpointView.swift */,
				77A2F12AB3EA6F894C720426 /* FullDiskAccessImp.swift */,
			);
			path = FullDiskAccess;
			sourceTree = "<group>";
		};
		C6ACCB27EE95DE17C4B2050D /* Resources */ = {
			isa = PBXGroup;
			children = (
				2B4FFE2A3FA843D85516307A /* Assets.xcassets */,
				55C2A999CAF70A0C4CEC90CB /* Icons.xcassets */,
				B460C2419D35A87B8B8B7F1F /* Main.storyboard */,
			);
			path = Resources;
			sourceTree = "<group>";
		};
		D69CF826676B25E520599711 /* TMUtil */ = {
			isa = PBXGroup;
			children = (
				38B056A6D06EBCAEFEA7935A /* TMStatus.swift */,
				9EFAC1C26EF29F64B4162E1F /* TMUtilBasedStatusProvider.swift */,
				5C66D62EB87BCFAF0337B626 /* TMUtilLauncher.swift */,
			);
			path = TMUtil;
			sourceTree = "<group>";
		};
		DAB3843853D765DBC2F2A05D /* Globals */ = {
			isa = PBXGroup;
			children = (
				1780AFA9840706BEF22666C3 /* SharedDefaults.swift */,
				53D347A0B35FF7B51109D4D7 /* TimeMachineUserDefaults.swift */,
			);
			path = Globals;
			sourceTree = "<group>";
		};
		E985DF1A8C57671A0B232A96 /* UtilityViews */ = {
			isa = PBXGroup;
			children = (
				DC2268116C403E8A3AEEC2A0 /* CheckpointView.swift */,
			);
			path = UtilityViews;
			sourceTree = "<group>";
		};
		F4F4A7FCC063491B2C32A1DC /* FolderSelection */ = {
			isa = PBXGroup;
			children = (
				D9BDC3DAAA1887D34A5E0F7B /* FoldersSelectionCheckpointView.swift */,
				0DEFDDEECB748E89AEE3E43B /* FoldersSelectionImp.swift */,
			);
			path = FolderSelection;
			sourceTree = "<group>";
		};
/* End PBXGroup section */

/* Begin PBXNativeTarget section */
		3B17EF830032880250B139E3 /* TMBuddyFinder */ = {
			isa = PBXNativeTarget;
			buildConfigurationList = 5548679F0C17E2826B60138F /* Build configuration list for PBXNativeTarget "TMBuddyFinder" */;
			buildPhases = (
				425AB2D2B8D09C76A3CFC984 /* Sources */,
			);
			buildRules = (
			);
			dependencies = (
			);
			name = TMBuddyFinder;
			productName = TMBuddyFinder;
			productReference = 1C035E28595D2AAC245A6FAF /* TMBuddyFinder.appex */;
			productType = "com.apple.product-type.app-extension";
		};
		557A80688ACE0C22551C8621 /* TMBuddy */ = {
			isa = PBXNativeTarget;
			buildConfigurationList = CA17B23806E844B318726A94 /* Build configuration list for PBXNativeTarget "TMBuddy" */;
			buildPhases = (
				1A8C40FFCA9B0AA28BD2B1A6 /* Sources */,
				014FFDDFB5FFE6AFEEF16660 /* Resources */,
				4C6EB4CBA9F1EDDBFD9E95EF /* Embed App Extensions */,
			);
			buildRules = (
			);
			dependencies = (
				B88285C807EBA5F7712FFA45 /* PBXTargetDependency */,
			);
			name = TMBuddy;
			productName = TMBuddy;
			productReference = 5E1B1EAE38A301E37947D0C1 /* TMBuddy.app */;
			productType = "com.apple.product-type.application";
		};
		A98F0E37D43A5466DBBCD246 /* TMBuddyTests */ = {
			isa = PBXNativeTarget;
			buildConfigurationList = 8E4E5EB7BA6C3CF6754D7D4D /* Build configuration list for PBXNativeTarget "TMBuddyTests" */;
			buildPhases = (
				F2723A9A63BE445D0E521BED /* Sources */,
				D12F8ACC18F6F28631867650 /* Resources */,
			);
			buildRules = (
			);
			dependencies = (
			);
			name = TMBuddyTests;
			productName = TMBuddyTests;
			productReference = FAF73314A78C08D33B757291 /* TMBuddyTests.xctest */;
			productType = "com.apple.product-type.bundle.unit-test";
		};
/* End PBXNativeTarget section */

/* Begin PBXProject section */
		7B2DC5F21E7612DB102197DF /* Project object */ = {
			isa = PBXProject;
			attributes = {
				LastUpgradeCheck = 1321;
				TargetAttributes = {
					3B17EF830032880250B139E3 = {
						DevelopmentTeam = 5BV57B67TB;
						ProvisioningStyle = Automatic;
					};
					557A80688ACE0C22551C8621 = {
						DevelopmentTeam = 5BV57B67TB;
						ProvisioningStyle = Automatic;
					};
					A98F0E37D43A5466DBBCD246 = {
						DevelopmentTeam = 5BV57B67TB;
						ProvisioningStyle = Automatic;
					};
				};
			};
			buildConfigurationList = B69FC7942F442EACC82E3607 /* Build configuration list for PBXProject "TMBuddy" */;
			compatibilityVersion = "Xcode 10.0";
			developmentRegion = en;
			hasScannedForEncodings = 0;
			knownRegions = (
				Base,
				en,
			);
			mainGroup = A42AAB7CEAE72727CCA383A7;
			projectDirPath = "";
			projectRoot = "";
			targets = (
				557A80688ACE0C22551C8621 /* TMBuddy */,
				3B17EF830032880250B139E3 /* TMBuddyFinder */,
				A98F0E37D43A5466DBBCD246 /* TMBuddyTests */,
			);
		};
/* End PBXProject section */

/* Begin PBXResourcesBuildPhase section */
		014FFDDFB5FFE6AFEEF16660 /* Resources */ = {
			isa = PBXResourcesBuildPhase;
			buildActionMask = 2147483647;
			files = (
				C84882B67D3DD33CD6DAC776 /* Assets.xcassets in Resources */,
				435BF08846543A906F51132B /* Icons.xcassets in Resources */,
				1B56E5490E0DCFF037D6BA21 /* Main.storyboard in Resources */,
			);
			runOnlyForDeploymentPostprocessing = 0;
		};
		D12F8ACC18F6F28631867650 /* Resources */ = {
			isa = PBXResourcesBuildPhase;
			buildActionMask = 2147483647;
			files = (
				5451E42C4A8C7D25AF907427 /* TmUtilIsExcludedOutput.txt in Resources */,
			);
			runOnlyForDeploymentPostprocessing = 0;
		};
/* End PBXResourcesBuildPhase section */

/* Begin PBXSourcesBuildPhase section */
		1A8C40FFCA9B0AA28BD2B1A6 /* Sources */ = {
			isa = PBXSourcesBuildPhase;
			buildActionMask = 2147483647;
			files = (
				AE439C31FC726408DD975EF7 /* Array+URLPaths.swift in Sources */,
				AF2456622AFB86B9B8F19AC3 /* CheckpointView.swift in Sources */,
				DD992DEEBC9236FA72C24828 /* ContentView.swift in Sources */,
				A4B83300B870FA37105EDA9E /* DefaultsKey.swift in Sources */,
				0AA3ABC2452EA7F4E93A66B1 /* DisplayNames.swift in Sources */,
				8B4C9582CCE4E2CF2B963BEB /* ExtendedAttributes.swift in Sources */,
				D870F4288A0E9AA1AAB2162D /* FileManager+Sandboxing.swift in Sources */,
				D1916CB50F7C88D79018015B /* FinderExtensionCheckpointView.swift in Sources */,
				F817DC3388C25BA31275B6E8 /* FinderSyncExtensionStatusProvider.swift in Sources */,
				18EAB63C469045608536573F /* FoldersSelectionCheckpointView.swift in Sources */,
				1556DFC4C02768A89330CE47 /* FoldersSelectionImp.swift in Sources */,
				40962E413F5F5EBFCF4C4F4E /* FullDiskAccessCheckpointView.swift in Sources */,
				B4F25A7EA1BBC9822B43C32F /* FullDiskAccessImp.swift in Sources */,
				FB77745A8E8C74C6924C63A8 /* Launching.swift in Sources */,
				B1756E521E49E065D0B86446 /* OnLaunch.swift in Sources */,
				F856AA48429F377F6F6D84E3 /* PathUtilities+Sandboxing.swift in Sources */,
				9D10E59393A0DAC5F7AD9E8C /* SandboxAccessView.swift in Sources */,
				D9A23882432E910032235B8A /* SandboxedBookmarks.swift in Sources */,
				F77BDD7E28866275CEBA7A9F /* SandboxedBookmarksResolver.swift in Sources */,
				3C0CCCBBB2BD571EE5E36C2D /* SanityChecking.swift in Sources */,
				259697323557DD6D00D6D0EC /* SavingSandboxedBookmarks.swift in Sources */,
				CDF3317113C7FCEE64C8C99F /* ScopedSandboxedBookmarks.swift in Sources */,
				AF471D23A16C8C161ECF97C7 /* SharedDefaults.swift in Sources */,
				195DDF8283D027993500C738 /* String+Ranges.swift in Sources */,
				33330CC152E0724F959BB1AD /* Sugar.swift in Sources */,
				3D32D81669C1C5DF21B2B62B /* TMBuddyApp.swift in Sources */,
				DEA1BEC65FCC3DF8A0FBAE6D /* TimeMachinePermissionsReporting.swift in Sources */,
				C80F671AF27EFE947E8AE9EE /* TimeMachineUserDefaults.swift in Sources */,
				CBD2F147EF0B6B2BDB19110F /* Tracing.swift in Sources */,
				D476ACF5C3559CC38C9972E3 /* UserDefaults+DefaultsKey.swift in Sources */,
				283242D6DEA155DF28CDA80A /* UserDefaultsObserver.swift in Sources */,
			);
			runOnlyForDeploymentPostprocessing = 0;
		};
		425AB2D2B8D09C76A3CFC984 /* Sources */ = {
			isa = PBXSourcesBuildPhase;
			buildActionMask = 2147483647;
			files = (
				BD6838D67A54A7AD72D8E998 /* Array+URLPaths.swift in Sources */,
				5BE9412169B98AADB31F5B34 /* BackupMetadataFilter.swift in Sources */,
				96E26462BE3F7DB5225E33C2 /* DefaultsKey.swift in Sources */,
				B3253557431DBBDB2135E120 /* DirectLookupBasedStatusProvider.swift in Sources */,
				33EBF5B1AC2299E1A7CBCF05 /* ExtendedAttributes.swift in Sources */,
				259CED4FAA424F7E454F8A8A /* ExtendedAttributesBackupController.swift in Sources */,
				A1CAAF0F962278938E4A8349 /* FileManager+Sandboxing.swift in Sources */,
				BF5290A7407D73C784DF15A2 /* FinderSync.swift in Sources */,
				810B8AF85EBCF581E5F273BC /* Launching.swift in Sources */,
				DE0E931933A8473C39111DEB /* MDItemBackupController.swift in Sources */,
				CB416ED99F06761840AF407C /* MetadataReader.swift in Sources */,
				5C8075C37D316D0895B118E6 /* MetadataWriter.swift in Sources */,
				769B34CA5F81C7D622656C19 /* PathFilter.swift in Sources */,
				D64549F2D3124D1D956C80CC /* PathUtilities+Sandboxing.swift in Sources */,
				DE0E41BF4B4066BD2FBD2603 /* SandboxedBookmarks.swift in Sources */,
				16658DE7DD1CBC5265830000 /* SandboxedBookmarksResolver.swift in Sources */,
				E4D77EA690B2BB4E1898B84C /* SanityChecking.swift in Sources */,
				E659E0FFE0B614FD75972974 /* SavingSandboxedBookmarks.swift in Sources */,
				93B38095BF8735FF86B66204 /* ScopedSandboxedBookmarks.swift in Sources */,
				E644016F784656DD6CC498D2 /* SharedDefaults.swift in Sources */,
				FE72F8580C82ECD62770F8BC /* String+Ranges.swift in Sources */,
				87CD74414A532ABB5396BFF5 /* Sugar.swift in Sources */,
				38D01DA3EAD22EB435B200BA /* TMStatus.swift in Sources */,
				584164EB890A8D0B7461B354 /* TMStatusProvider.swift in Sources */,
				4AFFB8FBD2E18552AA843D0F /* TMUtilBasedStatusProvider.swift in Sources */,
				EDDF4E005E411F0E1654731F /* TMUtilLauncher.swift in Sources */,
				A45BF14AB20B7F9670EB6F22 /* TimeMachinePathFilter.swift in Sources */,
				64F088506DCD6DF05394A52B /* TimeMachinePermissionsReporting.swift in Sources */,
				398F87448047F1EE6E602F51 /* TimeMachineUserDefaults.swift in Sources */,
				9277F917FC87414BF6966887 /* TimeMachineVolumeFilter.swift in Sources */,
				0AEAEDE91B518DBAD762FBCE /* Tracing.swift in Sources */,
				426C71EB1C8F99F975400706 /* UserDefaults+DefaultsKey.swift in Sources */,
				FF0095B0E1EF38A44828AB4C /* UserDefaultsObserver.swift in Sources */,
				141AB711AA16AFC38FD16D3B /* VolumeFilter.swift in Sources */,
			);
			runOnlyForDeploymentPostprocessing = 0;
		};
		F2723A9A63BE445D0E521BED /* Sources */ = {
			isa = PBXSourcesBuildPhase;
			buildActionMask = 2147483647;
			files = (
				B78E7A1691693BFD7BF600C8 /* Array+URLPaths.swift in Sources */,
				3C8B31BF53AE2992880BE957 /* BackupMetadataFilter.swift in Sources */,
				36F06AA9DDE6DD4D3EED0502 /* CheckpointView.swift in Sources */,
				CD90BADFBD82319F2AE543ED /* ContentView.swift in Sources */,
				F3FFFCC058C3D291967C6228 /* DefaultsKey.swift in Sources */,
				19776D65E3D781F3D100BDDF /* DirectLookupBasedStatusProvider.swift in Sources */,
				1F4F2126017A2E3FBF5FAE86 /* DirectLookupBasedStatusProviderTests.swift in Sources */,
				88C6AC18DBAA1C45C6A5206D /* DisplayNames.swift in Sources */,
				1B67785E9EA89411DB3C8A25 /* ExtendedAttributes.swift in Sources */,
				C42A871C9E096C081F97B232 /* ExtendedAttributesBackupController.swift in Sources */,
				A6EAACD116D56DD32AD55BF7 /* FileManager+Sandboxing.swift in Sources */,
				8977C58F6070F675D80A0FB6 /* FinderExtensionCheckpointView.swift in Sources */,
				D86BF8D1D5E87248F7A73794 /* FinderSyncExtensionStatusProvider.swift in Sources */,
				ED34610D0D0EDF8DD0636445 /* FoldersSelectionCheckpointView.swift in Sources */,
				38CBB7451E0720A707605E25 /* FoldersSelectionImp.swift in Sources */,
				6092E7774E708712B771B561 /* FullDiskAccessCheckpointView.swift in Sources */,
				8D58C62158E87601D808878C /* FullDiskAccessImp.swift in Sources */,
				CE4F6412437ED123D9C5C55F /* Launching.swift in Sources */,
				6C51FC87F29D35D5B57FC5AB /* MDItemBackupController.swift in Sources */,
				3AAA48EED6BE2C877ED8FBEB /* MetadataReader.swift in Sources */,
				53FBC6DDD1F8B2EDC8683129 /* MetadataWriter.swift in Sources */,
				3E7EE7FEE5CD2C679ADC4C73 /* PathFilter.swift in Sources */,
				554C99F30F3800085EBBA56F /* PathUtilities+Sandboxing.swift in Sources */,
				9BF8CF3B1FE9FD4B8CD6BB9D /* SandboxAccessView.swift in Sources */,
				45C0B826ED1A9A1DE96C0BCE /* SandboxedBookmarks.swift in Sources */,
				85CB15808B9F574B85FF98A8 /* SandboxedBookmarksResolver.swift in Sources */,
				E808DC3DDFE6396499CA428D /* SanityChecking.swift in Sources */,
				E74E1B38C475FD79F4428E7A /* SavingSandboxedBookmarks.swift in Sources */,
				153D5F1372C7DA38F92BA474 /* ScopedSandboxedBookmarks.swift in Sources */,
				19D2F56E406BD3132FF8D46D /* SharedDefaults.swift in Sources */,
				D37B6303B297540357D69EA6 /* String+Ranges.swift in Sources */,
				A27419AE82BB186EC333983C /* Sugar.swift in Sources */,
				B4F62BFF15B83AE231E0A475 /* TMBuddyTests.swift in Sources */,
				D697553E8BD00A7FABF911C3 /* TMStatus.swift in Sources */,
				A51BBD40FA120950CA4B3932 /* TMStatusProvider.swift in Sources */,
				4F1814D3E349E361BC74A194 /* TMUtilBasedStatusProvider.swift in Sources */,
				4BF45FC248895952280FDC80 /* TMUtilBasedStatusProviderTests.swift in Sources */,
				F384F257E02E7060461714F1 /* TMUtilLauncher.swift in Sources */,
				CDF350857210257FA6743717 /* TimeMachinePathFilter.swift in Sources */,
				4568B114A4004D204D1FB9CD /* TimeMachinePathFilterTests.swift in Sources */,
				02551E268116BDD236866B47 /* TimeMachinePermissionsReporting.swift in Sources */,
				61B7A1F9CD832E605EADEEC0 /* TimeMachineUserDefaults.swift in Sources */,
				AF583338B4EBE4704DA245C5 /* TimeMachineVolumeFilter.swift in Sources */,
				DDA25B4A2FB2EE22F88E519A /* TimeMachineVolumeFilterTests.swift in Sources */,
				2A88BD9272B21CA61796169E /* Tracing.swift in Sources */,
				0E48817EE8B983C57401F716 /* UserDefaults+DefaultsKey.swift in Sources */,
				F12A1AA9F20EFA184137C3D1 /* UserDefaultsObserver.swift in Sources */,
				6DC0A8620026651157B7096E /* VolumeFilter.swift in Sources */,
			);
			runOnlyForDeploymentPostprocessing = 0;
		};
/* End PBXSourcesBuildPhase section */

/* Begin PBXTargetDependency section */
		B88285C807EBA5F7712FFA45 /* PBXTargetDependency */ = {
			isa = PBXTargetDependency;
			target = 3B17EF830032880250B139E3 /* TMBuddyFinder */;
			targetProxy = 6184001C2C5ECFA7C928BF55 /* PBXContainerItemProxy */;
		};
/* End PBXTargetDependency section */

/* Begin XCBuildConfiguration section */
		07C87D634D8FD012B57D4F4C /* Release */ = {
			isa = XCBuildConfiguration;
			buildSettings = {
				BUNDLE_LOADER = "$(TEST_HOST)";
				COMBINE_HIDPI_IMAGES = YES;
				LD_RUNPATH_SEARCH_PATHS = (
					"$(inherited)",
					"@executable_path/../Frameworks",
					"@loader_path/../Frameworks",
				);
				MACOSX_DEPLOYMENT_TARGET = 10.15;
				PRODUCT_BUNDLE_IDENTIFIER = com.grigorye.TMBuddyTests;
				SDKROOT = macosx;
			};
			name = Release;
		};
		5047D7F0D2F061CBA935EB5E /* Debug */ = {
			isa = XCBuildConfiguration;
			buildSettings = {
				ASSETCATALOG_COMPILER_APPICON_NAME = AppIcon;
				CODE_SIGN_ENTITLEMENTS = Targets/TMBuddy/Bundle/TMBuddy.entitlements;
				COMBINE_HIDPI_IMAGES = YES;
				ENABLE_HARDENED_RUNTIME = YES;
				INFOPLIST_FILE = Targets/TMBuddy/Bundle/Info.plist;
				INFOPLIST_KEY_LSApplicationCategoryType = "public.app-category.utilities";
				INFOPLIST_KEY_NSMainStoryboardFile = Main;
				INFOPLIST_KEY_NSPrincipalClass = NSApplication;
				LD_RUNPATH_SEARCH_PATHS = (
					"$(inherited)",
					"@executable_path/../Frameworks",
				);
				MACOSX_DEPLOYMENT_TARGET = 10.15;
				PRODUCT_BUNDLE_IDENTIFIER = com.grigorye.TMBuddy;
				SDKROOT = macosx;
			};
			name = Debug;
		};
		689F6E307DD7658B48CCCEEB /* Release */ = {
			isa = XCBuildConfiguration;
			buildSettings = {
				CODE_SIGN_ENTITLEMENTS = Targets/TMBuddyFinder/Bundle/TMBuddyFinder.entitlements;
				COMBINE_HIDPI_IMAGES = YES;
				ENABLE_HARDENED_RUNTIME = YES;
				INFOPLIST_FILE = Targets/TMBuddyFinder/Bundle/Info.plist;
				INFOPLIST_KEY_CFBundleDisplayName = TMBuddy;
				INFOPLIST_KEY_NSPrincipalClass = NSApplication;
				LD_RUNPATH_SEARCH_PATHS = (
					"$(inherited)",
					"@executable_path/../Frameworks",
					"@executable_path/../../../../Frameworks",
				);
				MACOSX_DEPLOYMENT_TARGET = 10.15;
				PRODUCT_BUNDLE_IDENTIFIER = com.grigorye.TMBuddy.Finder;
				SDKROOT = macosx;
			};
			name = Release;
		};
		771CD4591939C1794A6CB685 /* Debug */ = {
			isa = XCBuildConfiguration;
			buildSettings = {
				BUNDLE_LOADER = "$(TEST_HOST)";
				COMBINE_HIDPI_IMAGES = YES;
				LD_RUNPATH_SEARCH_PATHS = (
					"$(inherited)",
					"@executable_path/../Frameworks",
					"@loader_path/../Frameworks",
				);
				MACOSX_DEPLOYMENT_TARGET = 10.15;
				PRODUCT_BUNDLE_IDENTIFIER = com.grigorye.TMBuddyTests;
				SDKROOT = macosx;
			};
			name = Debug;
		};
		85196D66D2F1ABA734D4FD0B /* Release */ = {
			isa = XCBuildConfiguration;
			baseConfigurationReference = 93129EF4DF440EDF5D8033F5 /* Default.xcconfig */;
			buildSettings = {
				ALWAYS_SEARCH_USER_PATHS = NO;
				CLANG_ANALYZER_NONNULL = YES;
				CLANG_ANALYZER_NUMBER_OBJECT_CONVERSION = YES_AGGRESSIVE;
				CLANG_CXX_LANGUAGE_STANDARD = "gnu++14";
				CLANG_CXX_LIBRARY = "libc++";
				CLANG_ENABLE_MODULES = YES;
				CLANG_ENABLE_OBJC_ARC = YES;
				CLANG_ENABLE_OBJC_WEAK = YES;
				CLANG_WARN_BLOCK_CAPTURE_AUTORELEASING = YES;
				CLANG_WARN_BOOL_CONVERSION = YES;
				CLANG_WARN_COMMA = YES;
				CLANG_WARN_CONSTANT_CONVERSION = YES;
				CLANG_WARN_DEPRECATED_OBJC_IMPLEMENTATIONS = YES;
				CLANG_WARN_DIRECT_OBJC_ISA_USAGE = YES_ERROR;
				CLANG_WARN_DOCUMENTATION_COMMENTS = YES;
				CLANG_WARN_EMPTY_BODY = YES;
				CLANG_WARN_ENUM_CONVERSION = YES;
				CLANG_WARN_INFINITE_RECURSION = YES;
				CLANG_WARN_INT_CONVERSION = YES;
				CLANG_WARN_NON_LITERAL_NULL_CONVERSION = YES;
				CLANG_WARN_OBJC_IMPLICIT_RETAIN_SELF = YES;
				CLANG_WARN_OBJC_LITERAL_CONVERSION = YES;
				CLANG_WARN_OBJC_ROOT_CLASS = YES_ERROR;
				CLANG_WARN_QUOTED_INCLUDE_IN_FRAMEWORK_HEADER = YES;
				CLANG_WARN_RANGE_LOOP_ANALYSIS = YES;
				CLANG_WARN_STRICT_PROTOTYPES = YES;
				CLANG_WARN_SUSPICIOUS_MOVE = YES;
				CLANG_WARN_UNGUARDED_AVAILABILITY = YES_AGGRESSIVE;
				CLANG_WARN_UNREACHABLE_CODE = YES;
				CLANG_WARN__DUPLICATE_METHOD_MATCH = YES;
				CODE_SIGN_STYLE = Automatic;
				COPY_PHASE_STRIP = NO;
				CURRENT_PROJECT_VERSION = "$(BUNDLE_VERSION)";
				DEBUG_INFORMATION_FORMAT = "dwarf-with-dsym";
				DEVELOPMENT_TEAM = 5BV57B67TB;
				ENABLE_NS_ASSERTIONS = NO;
				ENABLE_STRICT_OBJC_MSGSEND = YES;
				GCC_C_LANGUAGE_STANDARD = gnu11;
				GCC_NO_COMMON_BLOCKS = YES;
				GCC_WARN_64_TO_32_BIT_CONVERSION = YES;
				GCC_WARN_ABOUT_RETURN_TYPE = YES_ERROR;
				GCC_WARN_UNDECLARED_SELECTOR = YES;
				GCC_WARN_UNINITIALIZED_AUTOS = YES_AGGRESSIVE;
				GCC_WARN_UNUSED_FUNCTION = YES;
				GCC_WARN_UNUSED_VARIABLE = YES;
				GENERATE_INFOPLIST_FILE = YES;
				MARKETING_VERSION = 1.0;
				MTL_ENABLE_DEBUG_INFO = NO;
				MTL_FAST_MATH = YES;
				PRODUCT_NAME = "$(TARGET_NAME)";
				SDKROOT = macosx;
				SWIFT_COMPILATION_MODE = wholemodule;
				SWIFT_OPTIMIZATION_LEVEL = "-O";
				SWIFT_VERSION = 5.0;
			};
			name = Release;
		};
		85246A020053F3AE8408A20B /* Debug */ = {
			isa = XCBuildConfiguration;
			baseConfigurationReference = 93129EF4DF440EDF5D8033F5 /* Default.xcconfig */;
			buildSettings = {
				ALWAYS_SEARCH_USER_PATHS = NO;
				CLANG_ANALYZER_NONNULL = YES;
				CLANG_ANALYZER_NUMBER_OBJECT_CONVERSION = YES_AGGRESSIVE;
				CLANG_CXX_LANGUAGE_STANDARD = "gnu++14";
				CLANG_CXX_LIBRARY = "libc++";
				CLANG_ENABLE_MODULES = YES;
				CLANG_ENABLE_OBJC_ARC = YES;
				CLANG_ENABLE_OBJC_WEAK = YES;
				CLANG_WARN_BLOCK_CAPTURE_AUTORELEASING = YES;
				CLANG_WARN_BOOL_CONVERSION = YES;
				CLANG_WARN_COMMA = YES;
				CLANG_WARN_CONSTANT_CONVERSION = YES;
				CLANG_WARN_DEPRECATED_OBJC_IMPLEMENTATIONS = YES;
				CLANG_WARN_DIRECT_OBJC_ISA_USAGE = YES_ERROR;
				CLANG_WARN_DOCUMENTATION_COMMENTS = YES;
				CLANG_WARN_EMPTY_BODY = YES;
				CLANG_WARN_ENUM_CONVERSION = YES;
				CLANG_WARN_INFINITE_RECURSION = YES;
				CLANG_WARN_INT_CONVERSION = YES;
				CLANG_WARN_NON_LITERAL_NULL_CONVERSION = YES;
				CLANG_WARN_OBJC_IMPLICIT_RETAIN_SELF = YES;
				CLANG_WARN_OBJC_LITERAL_CONVERSION = YES;
				CLANG_WARN_OBJC_ROOT_CLASS = YES_ERROR;
				CLANG_WARN_QUOTED_INCLUDE_IN_FRAMEWORK_HEADER = YES;
				CLANG_WARN_RANGE_LOOP_ANALYSIS = YES;
				CLANG_WARN_STRICT_PROTOTYPES = YES;
				CLANG_WARN_SUSPICIOUS_MOVE = YES;
				CLANG_WARN_UNGUARDED_AVAILABILITY = YES_AGGRESSIVE;
				CLANG_WARN_UNREACHABLE_CODE = YES;
				CLANG_WARN__DUPLICATE_METHOD_MATCH = YES;
				CODE_SIGN_STYLE = Automatic;
				COPY_PHASE_STRIP = NO;
				CURRENT_PROJECT_VERSION = "$(BUNDLE_VERSION)";
				DEBUG_INFORMATION_FORMAT = dwarf;
				DEVELOPMENT_TEAM = 5BV57B67TB;
				ENABLE_STRICT_OBJC_MSGSEND = YES;
				ENABLE_TESTABILITY = YES;
				GCC_C_LANGUAGE_STANDARD = gnu11;
				GCC_DYNAMIC_NO_PIC = NO;
				GCC_NO_COMMON_BLOCKS = YES;
				GCC_OPTIMIZATION_LEVEL = 0;
				GCC_PREPROCESSOR_DEFINITIONS = (
					"$(inherited)",
					"DEBUG=1",
				);
				GCC_WARN_64_TO_32_BIT_CONVERSION = YES;
				GCC_WARN_ABOUT_RETURN_TYPE = YES_ERROR;
				GCC_WARN_UNDECLARED_SELECTOR = YES;
				GCC_WARN_UNINITIALIZED_AUTOS = YES_AGGRESSIVE;
				GCC_WARN_UNUSED_FUNCTION = YES;
				GCC_WARN_UNUSED_VARIABLE = YES;
				GENERATE_INFOPLIST_FILE = YES;
				MARKETING_VERSION = 1.0;
				MTL_ENABLE_DEBUG_INFO = INCLUDE_SOURCE;
				MTL_FAST_MATH = YES;
				ONLY_ACTIVE_ARCH = YES;
				PRODUCT_NAME = "$(TARGET_NAME)";
				SDKROOT = macosx;
				SWIFT_ACTIVE_COMPILATION_CONDITIONS = DEBUG;
				SWIFT_OPTIMIZATION_LEVEL = "-Onone";
				SWIFT_VERSION = 5.0;
			};
			name = Debug;
		};
		B1E9940CCF66062C8579D9B6 /* Debug */ = {
			isa = XCBuildConfiguration;
			buildSettings = {
				CODE_SIGN_ENTITLEMENTS = Targets/TMBuddyFinder/Bundle/TMBuddyFinder.entitlements;
				COMBINE_HIDPI_IMAGES = YES;
				ENABLE_HARDENED_RUNTIME = YES;
				INFOPLIST_FILE = Targets/TMBuddyFinder/Bundle/Info.plist;
				INFOPLIST_KEY_CFBundleDisplayName = TMBuddy;
				INFOPLIST_KEY_NSPrincipalClass = NSApplication;
				LD_RUNPATH_SEARCH_PATHS = (
					"$(inherited)",
					"@executable_path/../Frameworks",
					"@executable_path/../../../../Frameworks",
				);
				MACOSX_DEPLOYMENT_TARGET = 10.15;
				PRODUCT_BUNDLE_IDENTIFIER = com.grigorye.TMBuddy.Finder;
				SDKROOT = macosx;
			};
			name = Debug;
		};
		F0B73D5E267A5504097D82AA /* Release */ = {
			isa = XCBuildConfiguration;
			buildSettings = {
				ASSETCATALOG_COMPILER_APPICON_NAME = AppIcon;
				CODE_SIGN_ENTITLEMENTS = Targets/TMBuddy/Bundle/TMBuddy.entitlements;
				COMBINE_HIDPI_IMAGES = YES;
				ENABLE_HARDENED_RUNTIME = YES;
				INFOPLIST_FILE = Targets/TMBuddy/Bundle/Info.plist;
				INFOPLIST_KEY_LSApplicationCategoryType = "public.app-category.utilities";
				INFOPLIST_KEY_NSMainStoryboardFile = Main;
				INFOPLIST_KEY_NSPrincipalClass = NSApplication;
				LD_RUNPATH_SEARCH_PATHS = (
					"$(inherited)",
					"@executable_path/../Frameworks",
				);
				MACOSX_DEPLOYMENT_TARGET = 10.15;
				PRODUCT_BUNDLE_IDENTIFIER = com.grigorye.TMBuddy;
				SDKROOT = macosx;
			};
			name = Release;
		};
/* End XCBuildConfiguration section */

/* Begin XCConfigurationList section */
		5548679F0C17E2826B60138F /* Build configuration list for PBXNativeTarget "TMBuddyFinder" */ = {
			isa = XCConfigurationList;
			buildConfigurations = (
				B1E9940CCF66062C8579D9B6 /* Debug */,
				689F6E307DD7658B48CCCEEB /* Release */,
			);
			defaultConfigurationIsVisible = 0;
			defaultConfigurationName = Debug;
		};
		8E4E5EB7BA6C3CF6754D7D4D /* Build configuration list for PBXNativeTarget "TMBuddyTests" */ = {
			isa = XCConfigurationList;
			buildConfigurations = (
				771CD4591939C1794A6CB685 /* Debug */,
				07C87D634D8FD012B57D4F4C /* Release */,
			);
			defaultConfigurationIsVisible = 0;
			defaultConfigurationName = Debug;
		};
		B69FC7942F442EACC82E3607 /* Build configuration list for PBXProject "TMBuddy" */ = {
			isa = XCConfigurationList;
			buildConfigurations = (
				85246A020053F3AE8408A20B /* Debug */,
				85196D66D2F1ABA734D4FD0B /* Release */,
			);
			defaultConfigurationIsVisible = 0;
			defaultConfigurationName = Debug;
		};
		CA17B23806E844B318726A94 /* Build configuration list for PBXNativeTarget "TMBuddy" */ = {
			isa = XCConfigurationList;
			buildConfigurations = (
				5047D7F0D2F061CBA935EB5E /* Debug */,
				F0B73D5E267A5504097D82AA /* Release */,
			);
			defaultConfigurationIsVisible = 0;
			defaultConfigurationName = Debug;
		};
/* End XCConfigurationList section */
	};
	rootObject = 7B2DC5F21E7612DB102197DF /* Project object */;
}
